
Microsoft Visual Studio Solution File, Format Version 12.00
# Visual Studio 15
VisualStudioVersion = 15.0.27703.2047
MinimumVisualStudioVersion = 10.0.40219.1
Project("{FAE04EC0-301F-11D3-BF4B-00C04F79EFBC}") = "MonteCarlo", "MonteCarlo\MonteCarlo.csproj", "{296E46BA-222D-4D6F-871F-AC410A8B8780}"
EndProject
Global
	GlobalSection(SolutionConfigurationPlatforms) = preSolution
		Debug|Any CPU = Debug|Any CPU
		Release|Any CPU = Release|Any CPU
	EndGlobalSection
	GlobalSection(ProjectConfigurationPlatforms) = postSolution
		{296E46BA-222D-4D6F-871F-AC410A8B8780}.Debug|Any CPU.ActiveCfg = Debug|Any CPU
		{296E46BA-222D-4D6F-871F-AC410A8B8780}.Debug|Any CPU.Build.0 = Debug|Any CPU
		{296E46BA-222D-4D6F-871F-AC410A8B8780}.Release|Any CPU.ActiveCfg = Release|Any CPU
		{296E46BA-222D-4D6F-871F-AC410A8B8780}.Release|Any CPU.Build.0 = Release|Any CPU
	EndGlobalSection
	GlobalSection(SolutionProperties) = preSolution
		HideSolutionNode = FALSE
	EndGlobalSection
	GlobalSection(ExtensibilityGlobals) = postSolution
		SolutionGuid = {260B60AE-264D-4C83-AC85-7AC8A07E2E7D}
	EndGlobalSection
EndGlobal
